// !$*UTF8*$!
{
	archiveVersion = 1;
	classes = {
	};
	objectVersion = 55;
	objects = {

/* Begin PBXBuildFile section */
		7000F13428AF3F7300153417 /* TransferViewController.swift in Sources */ = {isa = PBXBuildFile; fileRef = 7000F13328AF3F7300153417 /* TransferViewController.swift */; };
		7000F13628AF3F8300153417 /* HistoryViewController.swift in Sources */ = {isa = PBXBuildFile; fileRef = 7000F13528AF3F8300153417 /* HistoryViewController.swift */; };
		7000F13828AFF1F600153417 /* MyCollectionViewCell.swift in Sources */ = {isa = PBXBuildFile; fileRef = 7000F13728AFF1F600153417 /* MyCollectionViewCell.swift */; };
		7000F13A28B00C5800153417 /* AccountViewController.swift in Sources */ = {isa = PBXBuildFile; fileRef = 7000F13928B00C5800153417 /* AccountViewController.swift */; };
		7000F13E28B1F1E000153417 /* Constants.swift in Sources */ = {isa = PBXBuildFile; fileRef = 7000F13D28B1F1E000153417 /* Constants.swift */; };
		7000F14028B2384100153417 /* TransferTableViewCell.swift in Sources */ = {isa = PBXBuildFile; fileRef = 7000F13F28B2384100153417 /* TransferTableViewCell.swift */; };
		7000F14228B2B3AE00153417 /* TransferCollectionViewCell.swift in Sources */ = {isa = PBXBuildFile; fileRef = 7000F14128B2B3AE00153417 /* TransferCollectionViewCell.swift */; };
		7000F14428B2B5DA00153417 /* APICaller.swift in Sources */ = {isa = PBXBuildFile; fileRef = 7000F14328B2B5DA00153417 /* APICaller.swift */; };
		709BF11C28AE71FF00783EF6 /* AppDelegate.swift in Sources */ = {isa = PBXBuildFile; fileRef = 709BF11B28AE71FF00783EF6 /* AppDelegate.swift */; };
		709BF11E28AE71FF00783EF6 /* SceneDelegate.swift in Sources */ = {isa = PBXBuildFile; fileRef = 709BF11D28AE71FF00783EF6 /* SceneDelegate.swift */; };
		709BF12028AE71FF00783EF6 /* HomeViewController.swift in Sources */ = {isa = PBXBuildFile; fileRef = 709BF11F28AE71FF00783EF6 /* HomeViewController.swift */; };
		709BF12328AE71FF00783EF6 /* Main.storyboard in Resources */ = {isa = PBXBuildFile; fileRef = 709BF12128AE71FF00783EF6 /* Main.storyboard */; };
		709BF12528AE720400783EF6 /* Assets.xcassets in Resources */ = {isa = PBXBuildFile; fileRef = 709BF12428AE720400783EF6 /* Assets.xcassets */; };
		709BF12828AE720400783EF6 /* LaunchScreen.storyboard in Resources */ = {isa = PBXBuildFile; fileRef = 709BF12628AE720400783EF6 /* LaunchScreen.storyboard */; };
/* End PBXBuildFile section */

/* Begin PBXFileReference section */
		7000F13328AF3F7300153417 /* TransferViewController.swift */ = {isa = PBXFileReference; lastKnownFileType = sourcecode.swift; path = TransferViewController.swift; sourceTree = "<group>"; };
		7000F13528AF3F8300153417 /* HistoryViewController.swift */ = {isa = PBXFileReference; lastKnownFileType = sourcecode.swift; path = HistoryViewController.swift; sourceTree = "<group>"; };
		7000F13728AFF1F600153417 /* MyCollectionViewCell.swift */ = {isa = PBXFileReference; lastKnownFileType = sourcecode.swift; path = MyCollectionViewCell.swift; sourceTree = "<group>"; };
		7000F13928B00C5800153417 /* AccountViewController.swift */ = {isa = PBXFileReference; lastKnownFileType = sourcecode.swift; path = AccountViewController.swift; sourceTree = "<group>"; };
		7000F13D28B1F1E000153417 /* Constants.swift */ = {isa = PBXFileReference; lastKnownFileType = sourcecode.swift; path = Constants.swift; sourceTree = "<group>"; };
		7000F13F28B2384100153417 /* TransferTableViewCell.swift */ = {isa = PBXFileReference; lastKnownFileType = sourcecode.swift; path = TransferTableViewCell.swift; sourceTree = "<group>"; };
		7000F14128B2B3AE00153417 /* TransferCollectionViewCell.swift */ = {isa = PBXFileReference; lastKnownFileType = sourcecode.swift; path = TransferCollectionViewCell.swift; sourceTree = "<group>"; };
		7000F14328B2B5DA00153417 /* APICaller.swift */ = {isa = PBXFileReference; lastKnownFileType = sourcecode.swift; path = APICaller.swift; sourceTree = "<group>"; };
		709BF11828AE71FF00783EF6 /* Mefafon Wallet.app */ = {isa = PBXFileReference; explicitFileType = wrapper.application; includeInIndex = 0; path = "Mefafon Wallet.app"; sourceTree = BUILT_PRODUCTS_DIR; };
		709BF11B28AE71FF00783EF6 /* AppDelegate.swift */ = {isa = PBXFileReference; lastKnownFileType = sourcecode.swift; path = AppDelegate.swift; sourceTree = "<group>"; };
		709BF11D28AE71FF00783EF6 /* SceneDelegate.swift */ = {isa = PBXFileReference; lastKnownFileType = sourcecode.swift; path = SceneDelegate.swift; sourceTree = "<group>"; };
		709BF11F28AE71FF00783EF6 /* HomeViewController.swift */ = {isa = PBXFileReference; lastKnownFileType = sourcecode.swift; path = HomeViewController.swift; sourceTree = "<group>"; };
		709BF12228AE71FF00783EF6 /* Base */ = {isa = PBXFileReference; lastKnownFileType = file.storyboard; name = Base; path = Base.lproj/Main.storyboard; sourceTree = "<group>"; };
		709BF12428AE720400783EF6 /* Assets.xcassets */ = {isa = PBXFileReference; lastKnownFileType = folder.assetcatalog; path = Assets.xcassets; sourceTree = "<group>"; };
		709BF12728AE720400783EF6 /* Base */ = {isa = PBXFileReference; lastKnownFileType = file.storyboard; name = Base; path = Base.lproj/LaunchScreen.storyboard; sourceTree = "<group>"; };
		709BF12928AE720400783EF6 /* Info.plist */ = {isa = PBXFileReference; lastKnownFileType = text.plist.xml; path = Info.plist; sourceTree = "<group>"; };
/* End PBXFileReference section */

/* Begin PBXFrameworksBuildPhase section */
		709BF11528AE71FF00783EF6 /* Frameworks */ = {
			isa = PBXFrameworksBuildPhase;
			buildActionMask = 2147483647;
			files = (
			);
			runOnlyForDeploymentPostprocessing = 0;
		};
/* End PBXFrameworksBuildPhase section */

/* Begin PBXGroup section */
		7000F13128AF3AEB00153417 /* Views */ = {
			isa = PBXGroup;
			children = (
				709BF12128AE71FF00783EF6 /* Main.storyboard */,
				7000F13728AFF1F600153417 /* MyCollectionViewCell.swift */,
				7000F13F28B2384100153417 /* TransferTableViewCell.swift */,
				7000F14128B2B3AE00153417 /* TransferCollectionViewCell.swift */,
			);
			path = Views;
			sourceTree = "<group>";
		};
		7000F13228AF3AF300153417 /* Controllers */ = {
			isa = PBXGroup;
			children = (
				709BF11F28AE71FF00783EF6 /* HomeViewController.swift */,
				7000F13328AF3F7300153417 /* TransferViewController.swift */,
				7000F13528AF3F8300153417 /* HistoryViewController.swift */,
				7000F13928B00C5800153417 /* AccountViewController.swift */,
			);
			path = Controllers;
			sourceTree = "<group>";
		};
		7000F14528B2B5E100153417 /* Model */ = {
			isa = PBXGroup;
			children = (
				7000F14328B2B5DA00153417 /* APICaller.swift */,
			);
			path = Model;
			sourceTree = "<group>";
		};
		709BF10F28AE71FF00783EF6 = {
			isa = PBXGroup;
			children = (
				709BF11A28AE71FF00783EF6 /* Mefafon Wallet */,
				709BF11928AE71FF00783EF6 /* Products */,
			);
			sourceTree = "<group>";
		};
		709BF11928AE71FF00783EF6 /* Products */ = {
			isa = PBXGroup;
			children = (
				709BF11828AE71FF00783EF6 /* Mefafon Wallet.app */,
			);
			name = Products;
			sourceTree = "<group>";
		};
		709BF11A28AE71FF00783EF6 /* Mefafon Wallet */ = {
			isa = PBXGroup;
			children = (
				709BF11B28AE71FF00783EF6 /* AppDelegate.swift */,
				709BF11D28AE71FF00783EF6 /* SceneDelegate.swift */,
				7000F14528B2B5E100153417 /* Model */,
				7000F13228AF3AF300153417 /* Controllers */,
				7000F13128AF3AEB00153417 /* Views */,
				709BF12428AE720400783EF6 /* Assets.xcassets */,
				709BF12628AE720400783EF6 /* LaunchScreen.storyboard */,
				709BF12928AE720400783EF6 /* Info.plist */,
				7000F13D28B1F1E000153417 /* Constants.swift */,
			);
			path = "Mefafon Wallet";
			sourceTree = "<group>";
		};
/* End PBXGroup section */

/* Begin PBXNativeTarget section */
		709BF11728AE71FF00783EF6 /* Mefafon Wallet */ = {
			isa = PBXNativeTarget;
			buildConfigurationList = 709BF12C28AE720400783EF6 /* Build configuration list for PBXNativeTarget "Mefafon Wallet" */;
			buildPhases = (
				709BF11428AE71FF00783EF6 /* Sources */,
				709BF11528AE71FF00783EF6 /* Frameworks */,
				709BF11628AE71FF00783EF6 /* Resources */,
			);
			buildRules = (
			);
			dependencies = (
			);
			name = "Mefafon Wallet";
			productName = "Mefafon Wallet";
			productReference = 709BF11828AE71FF00783EF6 /* Mefafon Wallet.app */;
			productType = "com.apple.product-type.application";
		};
/* End PBXNativeTarget section */

/* Begin PBXProject section */
		709BF11028AE71FF00783EF6 /* Project object */ = {
			isa = PBXProject;
			attributes = {
				BuildIndependentTargetsInParallel = 1;
				LastSwiftUpdateCheck = 1340;
				LastUpgradeCheck = 1340;
				TargetAttributes = {
					709BF11728AE71FF00783EF6 = {
						CreatedOnToolsVersion = 13.4.1;
					};
				};
			};
			buildConfigurationList = 709BF11328AE71FF00783EF6 /* Build configuration list for PBXProject "Mefafon Wallet" */;
			compatibilityVersion = "Xcode 13.0";
			developmentRegion = en;
			hasScannedForEncodings = 0;
			knownRegions = (
				en,
				Base,
			);
			mainGroup = 709BF10F28AE71FF00783EF6;
			productRefGroup = 709BF11928AE71FF00783EF6 /* Products */;
			projectDirPath = "";
			projectRoot = "";
			targets = (
				709BF11728AE71FF00783EF6 /* Mefafon Wallet */,
			);
		};
/* End PBXProject section */

/* Begin PBXResourcesBuildPhase section */
		709BF11628AE71FF00783EF6 /* Resources */ = {
			isa = PBXResourcesBuildPhase;
			buildActionMask = 2147483647;
			files = (
				709BF12828AE720400783EF6 /* LaunchScreen.storyboard in Resources */,
				709BF12528AE720400783EF6 /* Assets.xcassets in Resources */,
				709BF12328AE71FF00783EF6 /* Main.storyboard in Resources */,
			);
			runOnlyForDeploymentPostprocessing = 0;
		};
/* End PBXResourcesBuildPhase section */

/* Begin PBXSourcesBuildPhase section */
		709BF11428AE71FF00783EF6 /* Sources */ = {
			isa = PBXSourcesBuildPhase;
			buildActionMask = 2147483647;
			files = (
				709BF12028AE71FF00783EF6 /* HomeViewController.swift in Sources */,
				709BF11C28AE71FF00783EF6 /* AppDelegate.swift in Sources */,
				7000F14228B2B3AE00153417 /* TransferCollectionViewCell.swift in Sources */,
				7000F13A28B00C5800153417 /* AccountViewController.swift in Sources */,
				7000F13828AFF1F600153417 /* MyCollectionViewCell.swift in Sources */,
				709BF11E28AE71FF00783EF6 /* SceneDelegate.swift in Sources */,
				7000F14028B2384100153417 /* TransferTableViewCell.swift in Sources */,
				7000F13628AF3F8300153417 /* HistoryViewController.swift in Sources */,
				7000F14428B2B5DA00153417 /* APICaller.swift in Sources */,
				7000F13428AF3F7300153417 /* TransferViewController.swift in Sources */,
				7000F13E28B1F1E000153417 /* Constants.swift in Sources */,
			);
			runOnlyForDeploymentPostprocessing = 0;
		};
/* End PBXSourcesBuildPhase section */

/* Begin PBXVariantGroup section */
		709BF12128AE71FF00783EF6 /* Main.storyboard */ = {
			isa = PBXVariantGroup;
			children = (
				709BF12228AE71FF00783EF6 /* Base */,
			);
			name = Main.storyboard;
			sourceTree = "<group>";
		};
		709BF12628AE720400783EF6 /* LaunchScreen.storyboard */ = {
			isa = PBXVariantGroup;
			children = (
				709BF12728AE720400783EF6 /* Base */,
			);
			name = LaunchScreen.storyboard;
			sourceTree = "<group>";
		};
/* End PBXVariantGroup section */

/* Begin XCBuildConfiguration section */
		709BF12A28AE720400783EF6 /* Debug */ = {
			isa = XCBuildConfiguration;
			buildSettings = {
				ALWAYS_SEARCH_USER_PATHS = NO;
				CLANG_ANALYZER_NONNULL = YES;
				CLANG_ANALYZER_NUMBER_OBJECT_CONVERSION = YES_AGGRESSIVE;
				CLANG_CXX_LANGUAGE_STANDARD = "gnu++17";
				CLANG_ENABLE_MODULES = YES;
				CLANG_ENABLE_OBJC_ARC = YES;
				CLANG_ENABLE_OBJC_WEAK = YES;
				CLANG_WARN_BLOCK_CAPTURE_AUTORELEASING = YES;
				CLANG_WARN_BOOL_CONVERSION = YES;
				CLANG_WARN_COMMA = YES;
				CLANG_WARN_CONSTANT_CONVERSION = YES;
				CLANG_WARN_DEPRECATED_OBJC_IMPLEMENTATIONS = YES;
				CLANG_WARN_DIRECT_OBJC_ISA_USAGE = YES_ERROR;
				CLANG_WARN_DOCUMENTATION_COMMENTS = YES;
				CLANG_WARN_EMPTY_BODY = YES;
				CLANG_WARN_ENUM_CONVERSION = YES;
				CLANG_WARN_INFINITE_RECURSION = YES;
				CLANG_WARN_INT_CONVERSION = YES;
				CLANG_WARN_NON_LITERAL_NULL_CONVERSION = YES;
				CLANG_WARN_OBJC_IMPLICIT_RETAIN_SELF = YES;
				CLANG_WARN_OBJC_LITERAL_CONVERSION = YES;
				CLANG_WARN_OBJC_ROOT_CLASS = YES_ERROR;
				CLANG_WARN_QUOTED_INCLUDE_IN_FRAMEWORK_HEADER = YES;
				CLANG_WARN_RANGE_LOOP_ANALYSIS = YES;
				CLANG_WARN_STRICT_PROTOTYPES = YES;
				CLANG_WARN_SUSPICIOUS_MOVE = YES;
				CLANG_WARN_UNGUARDED_AVAILABILITY = YES_AGGRESSIVE;
				CLANG_WARN_UNREACHABLE_CODE = YES;
				CLANG_WARN__DUPLICATE_METHOD_MATCH = YES;
				COPY_PHASE_STRIP = NO;
				DEBUG_INFORMATION_FORMAT = dwarf;
				ENABLE_STRICT_OBJC_MSGSEND = YES;
				ENABLE_TESTABILITY = YES;
				GCC_C_LANGUAGE_STANDARD = gnu11;
				GCC_DYNAMIC_NO_PIC = NO;
				GCC_NO_COMMON_BLOCKS = YES;
				GCC_OPTIMIZATION_LEVEL = 0;
				GCC_PREPROCESSOR_DEFINITIONS = (
					"DEBUG=1",
					"$(inherited)",
				);
				GCC_WARN_64_TO_32_BIT_CONVERSION = YES;
				GCC_WARN_ABOUT_RETURN_TYPE = YES_ERROR;
				GCC_WARN_UNDECLARED_SELECTOR = YES;
				GCC_WARN_UNINITIALIZED_AUTOS = YES_AGGRESSIVE;
				GCC_WARN_UNUSED_FUNCTION = YES;
				GCC_WARN_UNUSED_VARIABLE = YES;
				IPHONEOS_DEPLOYMENT_TARGET = 15.5;
				MTL_ENABLE_DEBUG_INFO = INCLUDE_SOURCE;
				MTL_FAST_MATH = YES;
				ONLY_ACTIVE_ARCH = YES;
				SDKROOT = iphoneos;
				SWIFT_ACTIVE_COMPILATION_CONDITIONS = DEBUG;
				SWIFT_OPTIMIZATION_LEVEL = "-Onone";
			};
			name = Debug;
		};
		709BF12B28AE720400783EF6 /* Release */ = {
			isa = XCBuildConfiguration;
			buildSettings = {
				ALWAYS_SEARCH_USER_PATHS = NO;
				CLANG_ANALYZER_NONNULL = YES;
				CLANG_ANALYZER_NUMBER_OBJECT_CONVERSION = YES_AGGRESSIVE;
				CLANG_CXX_LANGUAGE_STANDARD = "gnu++17";
				CLANG_ENABLE_MODULES = YES;
				CLANG_ENABLE_OBJC_ARC = YES;
				CLANG_ENABLE_OBJC_WEAK = YES;
				CLANG_WARN_BLOCK_CAPTURE_AUTORELEASING = YES;
				CLANG_WARN_BOOL_CONVERSION = YES;
				CLANG_WARN_COMMA = YES;
				CLANG_WARN_CONSTANT_CONVERSION = YES;
				CLANG_WARN_DEPRECATED_OBJC_IMPLEMENTATIONS = YES;
				CLANG_WARN_DIRECT_OBJC_ISA_USAGE = YES_ERROR;
				CLANG_WARN_DOCUMENTATION_COMMENTS = YES;
				CLANG_WARN_EMPTY_BODY = YES;
				CLANG_WARN_ENUM_CONVERSION = YES;
				CLANG_WARN_INFINITE_RECURSION = YES;
				CLANG_WARN_INT_CONVERSION = YES;
				CLANG_WARN_NON_LITERAL_NULL_CONVERSION = YES;
				CLANG_WARN_OBJC_IMPLICIT_RETAIN_SELF = YES;
				CLANG_WARN_OBJC_LITERAL_CONVERSION = YES;
				CLANG_WARN_OBJC_ROOT_CLASS = YES_ERROR;
				CLANG_WARN_QUOTED_INCLUDE_IN_FRAMEWORK_HEADER = YES;
				CLANG_WARN_RANGE_LOOP_ANALYSIS = YES;
				CLANG_WARN_STRICT_PROTOTYPES = YES;
				CLANG_WARN_SUSPICIOUS_MOVE = YES;
				CLANG_WARN_UNGUARDED_AVAILABILITY = YES_AGGRESSIVE;
				CLANG_WARN_UNREACHABLE_CODE = YES;
				CLANG_WARN__DUPLICATE_METHOD_MATCH = YES;
				COPY_PHASE_STRIP = NO;
				DEBUG_INFORMATION_FORMAT = "dwarf-with-dsym";
				ENABLE_NS_ASSERTIONS = NO;
				ENABLE_STRICT_OBJC_MSGSEND = YES;
				GCC_C_LANGUAGE_STANDARD = gnu11;
				GCC_NO_COMMON_BLOCKS = YES;
				GCC_WARN_64_TO_32_BIT_CONVERSION = YES;
				GCC_WARN_ABOUT_RETURN_TYPE = YES_ERROR;
				GCC_WARN_UNDECLARED_SELECTOR = YES;
				GCC_WARN_UNINITIALIZED_AUTOS = YES_AGGRESSIVE;
				GCC_WARN_UNUSED_FUNCTION = YES;
				GCC_WARN_UNUSED_VARIABLE = YES;
				IPHONEOS_DEPLOYMENT_TARGET = 15.5;
				MTL_ENABLE_DEBUG_INFO = NO;
				MTL_FAST_MATH = YES;
				SDKROOT = iphoneos;
				SWIFT_COMPILATION_MODE = wholemodule;
				SWIFT_OPTIMIZATION_LEVEL = "-O";
				VALIDATE_PRODUCT = YES;
			};
			name = Release;
		};
		709BF12D28AE720400783EF6 /* Debug */ = {
			isa = XCBuildConfiguration;
			buildSettings = {
				ASSETCATALOG_COMPILER_APPICON_NAME = AppIcon;
				ASSETCATALOG_COMPILER_GLOBAL_ACCENT_COLOR_NAME = AccentColor;
				CODE_SIGN_STYLE = Automatic;
				CURRENT_PROJECT_VERSION = 1;
				GENERATE_INFOPLIST_FILE = YES;
				INFOPLIST_FILE = "Mefafon Wallet/Info.plist";
				INFOPLIST_KEY_UIApplicationSupportsIndirectInputEvents = YES;
				INFOPLIST_KEY_UILaunchStoryboardName = LaunchScreen;
				INFOPLIST_KEY_UIMainStoryboardFile = Main;
				INFOPLIST_KEY_UISupportedInterfaceOrientations_iPad = "UIInterfaceOrientationPortrait UIInterfaceOrientationPortraitUpsideDown UIInterfaceOrientationLandscapeLeft UIInterfaceOrientationLandscapeRight";
				INFOPLIST_KEY_UISupportedInterfaceOrientations_iPhone = "UIInterfaceOrientationPortrait UIInterfaceOrientationLandscapeLeft UIInterfaceOrientationLandscapeRight";
				LD_RUNPATH_SEARCH_PATHS = (
					"$(inherited)",
					"@executable_path/Frameworks",
				);
				MARKETING_VERSION = 1.0;
				PRODUCT_BUNDLE_IDENTIFIER = "co.theTopG.Mefafon-Wallet";
				PRODUCT_NAME = "$(TARGET_NAME)";
				SWIFT_EMIT_LOC_STRINGS = YES;
				SWIFT_VERSION = 5.0;
				TARGETED_DEVICE_FAMILY = "1,2";
			};
			name = Debug;
		};
		709BF12E28AE720400783EF6 /* Release */ = {
			isa = XCBuildConfiguration;
			buildSettings = {
				ASSETCATALOG_COMPILER_APPICON_NAME = AppIcon;
				ASSETCATALOG_COMPILER_GLOBAL_ACCENT_COLOR_NAME = AccentColor;
				CODE_SIGN_STYLE = Automatic;
				CURRENT_PROJECT_VERSION = 1;
				GENERATE_INFOPLIST_FILE = YES;
				INFOPLIST_FILE = "Mefafon Wallet/Info.plist";
				INFOPLIST_KEY_UIApplicationSupportsIndirectInputEvents = YES;
				INFOPLIST_KEY_UILaunchStoryboardName = LaunchScreen;
				INFOPLIST_KEY_UIMainStoryboardFile = Main;
				INFOPLIST_KEY_UISupportedInterfaceOrientations_iPad = "UIInterfaceOrientationPortrait UIInterfaceOrientationPortraitUpsideDown UIInterfaceOrientationLandscapeLeft UIInterfaceOrientationLandscapeRight";
				INFOPLIST_KEY_UISupportedInterfaceOrientations_iPhone = "UIInterfaceOrientationPortrait UIInterfaceOrientationLandscapeLeft UIInterfaceOrientationLandscapeRight";
				LD_RUNPATH_SEARCH_PATHS = (
					"$(inherited)",
					"@executable_path/Frameworks",
				);
				MARKETING_VERSION = 1.0;
				PRODUCT_BUNDLE_IDENTIFIER = "co.theTopG.Mefafon-Wallet";
				PRODUCT_NAME = "$(TARGET_NAME)";
				SWIFT_EMIT_LOC_STRINGS = YES;
				SWIFT_VERSION = 5.0;
				TARGETED_DEVICE_FAMILY = "1,2";
			};
			name = Release;
		};
/* End XCBuildConfiguration section */

/* Begin XCConfigurationList section */
		709BF11328AE71FF00783EF6 /* Build configuration list for PBXProject "Mefafon Wallet" */ = {
			isa = XCConfigurationList;
			buildConfigurations = (
				709BF12A28AE720400783EF6 /* Debug */,
				709BF12B28AE720400783EF6 /* Release */,
			);
			defaultConfigurationIsVisible = 0;
			defaultConfigurationName = Release;
		};
		709BF12C28AE720400783EF6 /* Build configuration list for PBXNativeTarget "Mefafon Wallet" */ = {
			isa = XCConfigurationList;
			buildConfigurations = (
				709BF12D28AE720400783EF6 /* Debug */,
				709BF12E28AE720400783EF6 /* Release */,
			);
			defaultConfigurationIsVisible = 0;
			defaultConfigurationName = Release;
		};
/* End XCConfigurationList section */
	};
	rootObject = 709BF11028AE71FF00783EF6 /* Project object */;
}
